// !$*UTF8*$!
{
	archiveVersion = 1;
	classes = {
	};
	objectVersion = 56;
	objects = {

/* Begin PBXBuildFile section */
		1E0738652A324FB600D6649B /* FirebaseChat in Resources */ = {isa = PBXBuildFile; fileRef = 1E0738642A324FB600D6649B /* FirebaseChat */; };
		1E0738682A32502500D6649B /* ContentView.swift in Sources */ = {isa = PBXBuildFile; fileRef = 1E0738672A32502500D6649B /* ContentView.swift */; };
		723884922A152A9200C37F42 /* SDWebImageSwiftUI in Frameworks */ = {isa = PBXBuildFile; productRef = 723884912A152A9200C37F42 /* SDWebImageSwiftUI */; };
		723884962A154B5D00C37F42 /* FirebaseManager.swift in Sources */ = {isa = PBXBuildFile; fileRef = 723884952A154B5D00C37F42 /* FirebaseManager.swift */; };
		723884982A155A2400C37F42 /* ChatUser.swift in Sources */ = {isa = PBXBuildFile; fileRef = 723884972A155A2400C37F42 /* ChatUser.swift */; };
		7238849B2A15602600C37F42 /* CreateNewMessageView.swift in Sources */ = {isa = PBXBuildFile; fileRef = 7238849A2A15602600C37F42 /* CreateNewMessageView.swift */; };
		7238849E2A16C11200C37F42 /* ChatLogView.swift in Sources */ = {isa = PBXBuildFile; fileRef = 7238849D2A16C11200C37F42 /* ChatLogView.swift */; };
		7264C8912A12C23400FA90E0 /* FirebaseChatApp.swift in Sources */ = {isa = PBXBuildFile; fileRef = 7264C8902A12C23400FA90E0 /* FirebaseChatApp.swift */; };
		7264C8932A12C23400FA90E0 /* LoginView.swift in Sources */ = {isa = PBXBuildFile; fileRef = 7264C8922A12C23400FA90E0 /* LoginView.swift */; };
		7264C8952A12C23500FA90E0 /* Assets.xcassets in Resources */ = {isa = PBXBuildFile; fileRef = 7264C8942A12C23500FA90E0 /* Assets.xcassets */; };
		7264C8982A12C23500FA90E0 /* Preview Assets.xcassets in Resources */ = {isa = PBXBuildFile; fileRef = 7264C8972A12C23500FA90E0 /* Preview Assets.xcassets */; };
		7264C8A62A12CC2500FA90E0 /* GoogleService-Info.plist in Resources */ = {isa = PBXBuildFile; fileRef = 7264C8A52A12CC2500FA90E0 /* GoogleService-Info.plist */; };
		7264C8AF2A1432F000FA90E0 /* ImagePicker.swift in Sources */ = {isa = PBXBuildFile; fileRef = 7264C8AE2A1432F000FA90E0 /* ImagePicker.swift */; };
		7264C8B92A143D9900FA90E0 /* MainMessageView.swift in Sources */ = {isa = PBXBuildFile; fileRef = 7264C8B82A143D9900FA90E0 /* MainMessageView.swift */; };
		72FAF57C2A1E8E7100AB9715 /* OpenChatRoom.swift in Sources */ = {isa = PBXBuildFile; fileRef = 72FAF57B2A1E8E7100AB9715 /* OpenChatRoom.swift */; };
		72FAF57F2A1FA59600AB9715 /* FirebaseAuth in Frameworks */ = {isa = PBXBuildFile; productRef = 72FAF57E2A1FA59600AB9715 /* FirebaseAuth */; };
		72FAF5812A1FA59600AB9715 /* FirebaseDatabase in Frameworks */ = {isa = PBXBuildFile; productRef = 72FAF5802A1FA59600AB9715 /* FirebaseDatabase */; };
		72FAF5832A1FA59600AB9715 /* FirebaseFirestore in Frameworks */ = {isa = PBXBuildFile; productRef = 72FAF5822A1FA59600AB9715 /* FirebaseFirestore */; };
		72FAF5852A1FA59600AB9715 /* FirebaseFirestoreSwift in Frameworks */ = {isa = PBXBuildFile; productRef = 72FAF5842A1FA59600AB9715 /* FirebaseFirestoreSwift */; };
		72FAF5872A1FA59600AB9715 /* FirebaseStorage in Frameworks */ = {isa = PBXBuildFile; productRef = 72FAF5862A1FA59600AB9715 /* FirebaseStorage */; };
		72FAF5892A1FD19800AB9715 /* ChatMessage.swift in Sources */ = {isa = PBXBuildFile; fileRef = 72FAF5882A1FD19800AB9715 /* ChatMessage.swift */; };
		72FAF58B2A1FD1C800AB9715 /* RecentMessage.swift in Sources */ = {isa = PBXBuildFile; fileRef = 72FAF58A2A1FD1C800AB9715 /* RecentMessage.swift */; };
		72FAF58D2A1FF5B100AB9715 /* FirebaseConstants.swift in Sources */ = {isa = PBXBuildFile; fileRef = 72FAF58C2A1FF5B100AB9715 /* FirebaseConstants.swift */; };
		72FAF5902A212CA600AB9715 /* TabViews.swift in Sources */ = {isa = PBXBuildFile; fileRef = 72FAF58F2A212CA600AB9715 /* TabViews.swift */; };
/* End PBXBuildFile section */

/* Begin PBXFileReference section */
		1E0738642A324FB600D6649B /* FirebaseChat */ = {isa = PBXFileReference; lastKnownFileType = folder; name = FirebaseChat; sourceTree = "<group>"; };
		1E0738672A32502500D6649B /* ContentView.swift */ = {isa = PBXFileReference; lastKnownFileType = sourcecode.swift; path = ContentView.swift; sourceTree = "<group>"; };
		723884952A154B5D00C37F42 /* FirebaseManager.swift */ = {isa = PBXFileReference; lastKnownFileType = sourcecode.swift; path = FirebaseManager.swift; sourceTree = "<group>"; };
		723884972A155A2400C37F42 /* ChatUser.swift */ = {isa = PBXFileReference; lastKnownFileType = sourcecode.swift; path = ChatUser.swift; sourceTree = "<group>"; };
		7238849A2A15602600C37F42 /* CreateNewMessageView.swift */ = {isa = PBXFileReference; lastKnownFileType = sourcecode.swift; path = CreateNewMessageView.swift; sourceTree = "<group>"; };
		7238849D2A16C11200C37F42 /* ChatLogView.swift */ = {isa = PBXFileReference; lastKnownFileType = sourcecode.swift; path = ChatLogView.swift; sourceTree = "<group>"; };
		7264C88D2A12C23400FA90E0 /* FirebaseChat.app */ = {isa = PBXFileReference; explicitFileType = wrapper.application; includeInIndex = 0; path = FirebaseChat.app; sourceTree = BUILT_PRODUCTS_DIR; };
		7264C8902A12C23400FA90E0 /* FirebaseChatApp.swift */ = {isa = PBXFileReference; lastKnownFileType = sourcecode.swift; path = FirebaseChatApp.swift; sourceTree = "<group>"; };
		7264C8922A12C23400FA90E0 /* LoginView.swift */ = {isa = PBXFileReference; lastKnownFileType = sourcecode.swift; path = LoginView.swift; sourceTree = "<group>"; };
		7264C8942A12C23500FA90E0 /* Assets.xcassets */ = {isa = PBXFileReference; lastKnownFileType = folder.assetcatalog; path = Assets.xcassets; sourceTree = "<group>"; };
		7264C8972A12C23500FA90E0 /* Preview Assets.xcassets */ = {isa = PBXFileReference; lastKnownFileType = folder.assetcatalog; path = "Preview Assets.xcassets"; sourceTree = "<group>"; };
		7264C8A52A12CC2500FA90E0 /* GoogleService-Info.plist */ = {isa = PBXFileReference; fileEncoding = 4; lastKnownFileType = text.plist.xml; name = "GoogleService-Info.plist"; path = "../../../Downloads/GoogleService-Info.plist"; sourceTree = "<group>"; };
		7264C8AE2A1432F000FA90E0 /* ImagePicker.swift */ = {isa = PBXFileReference; lastKnownFileType = sourcecode.swift; path = ImagePicker.swift; sourceTree = "<group>"; };
		7264C8B82A143D9900FA90E0 /* MainMessageView.swift */ = {isa = PBXFileReference; lastKnownFileType = sourcecode.swift; path = MainMessageView.swift; sourceTree = "<group>"; };
		72FAF57B2A1E8E7100AB9715 /* OpenChatRoom.swift */ = {isa = PBXFileReference; lastKnownFileType = sourcecode.swift; path = OpenChatRoom.swift; sourceTree = "<group>"; };
		72FAF5882A1FD19800AB9715 /* ChatMessage.swift */ = {isa = PBXFileReference; lastKnownFileType = sourcecode.swift; path = ChatMessage.swift; sourceTree = "<group>"; };
		72FAF58A2A1FD1C800AB9715 /* RecentMessage.swift */ = {isa = PBXFileReference; lastKnownFileType = sourcecode.swift; path = RecentMessage.swift; sourceTree = "<group>"; };
		72FAF58C2A1FF5B100AB9715 /* FirebaseConstants.swift */ = {isa = PBXFileReference; lastKnownFileType = sourcecode.swift; path = FirebaseConstants.swift; sourceTree = "<group>"; };
		72FAF58F2A212CA600AB9715 /* TabViews.swift */ = {isa = PBXFileReference; lastKnownFileType = sourcecode.swift; path = TabViews.swift; sourceTree = "<group>"; };
		72FAF5912A2682A200AB9715 /* FirebaseChat.entitlements */ = {isa = PBXFileReference; lastKnownFileType = text.plist.entitlements; path = FirebaseChat.entitlements; sourceTree = "<group>"; };
/* End PBXFileReference section */

/* Begin PBXFrameworksBuildPhase section */
		7264C88A2A12C23400FA90E0 /* Frameworks */ = {
			isa = PBXFrameworksBuildPhase;
			buildActionMask = 2147483647;
			files = (
				72FAF5852A1FA59600AB9715 /* FirebaseFirestoreSwift in Frameworks */,
				72FAF5812A1FA59600AB9715 /* FirebaseDatabase in Frameworks */,
				72FAF5832A1FA59600AB9715 /* FirebaseFirestore in Frameworks */,
				723884922A152A9200C37F42 /* SDWebImageSwiftUI in Frameworks */,
				72FAF57F2A1FA59600AB9715 /* FirebaseAuth in Frameworks */,
				72FAF5872A1FA59600AB9715 /* FirebaseStorage in Frameworks */,
			);
			runOnlyForDeploymentPostprocessing = 0;
		};
/* End PBXFrameworksBuildPhase section */

/* Begin PBXGroup section */
		1E0738662A32500200D6649B /* Front End */ = {
			isa = PBXGroup;
			children = (
				1E0738672A32502500D6649B /* ContentView.swift */,
			);
			path = "Front End";
			sourceTree = "<group>";
		};
		723884932A154A7D00C37F42 /* Model */ = {
			isa = PBXGroup;
			children = (
				723884972A155A2400C37F42 /* ChatUser.swift */,
				72FAF5882A1FD19800AB9715 /* ChatMessage.swift */,
				72FAF58A2A1FD1C800AB9715 /* RecentMessage.swift */,
			);
			path = Model;
			sourceTree = "<group>";
		};
		723884942A154AEB00C37F42 /* Utils */ = {
			isa = PBXGroup;
			children = (
				723884952A154B5D00C37F42 /* FirebaseManager.swift */,
				72FAF58C2A1FF5B100AB9715 /* FirebaseConstants.swift */,
			);
			path = Utils;
			sourceTree = "<group>";
		};
		723884992A15601100C37F42 /* NewMessage */ = {
			isa = PBXGroup;
			children = (
				7238849A2A15602600C37F42 /* CreateNewMessageView.swift */,
			);
			path = NewMessage;
			sourceTree = "<group>";
		};
		7238849C2A16C0E500C37F42 /* Chat */ = {
			isa = PBXGroup;
			children = (
				7238849D2A16C11200C37F42 /* ChatLogView.swift */,
				72FAF57B2A1E8E7100AB9715 /* OpenChatRoom.swift */,
			);
			path = Chat;
			sourceTree = "<group>";
		};
		7264C8842A12C23400FA90E0 = {
			isa = PBXGroup;
			children = (
				1E0738662A32500200D6649B /* Front End */,
				7264C88F2A12C23400FA90E0 /* FirebaseChat */,
				7264C88E2A12C23400FA90E0 /* Products */,
			);
			sourceTree = "<group>";
		};
		7264C88E2A12C23400FA90E0 /* Products */ = {
			isa = PBXGroup;
			children = (
				7264C88D2A12C23400FA90E0 /* FirebaseChat.app */,
			);
			name = Products;
			sourceTree = "<group>";
		};
		7264C88F2A12C23400FA90E0 /* FirebaseChat */ = {
			isa = PBXGroup;
			children = (
				72FAF5912A2682A200AB9715 /* FirebaseChat.entitlements */,
				72FAF58E2A212C9100AB9715 /* Tabs */,
				7238849C2A16C0E500C37F42 /* Chat */,
				723884942A154AEB00C37F42 /* Utils */,
				723884932A154A7D00C37F42 /* Model */,
				7264C8B72A143D7F00FA90E0 /* MainMessages */,
				7264C8902A12C23400FA90E0 /* FirebaseChatApp.swift */,
				7264C8922A12C23400FA90E0 /* LoginView.swift */,
				1E0738642A324FB600D6649B /* FirebaseChat */,
				7264C8A52A12CC2500FA90E0 /* GoogleService-Info.plist */,
				7264C8942A12C23500FA90E0 /* Assets.xcassets */,
				7264C8AE2A1432F000FA90E0 /* ImagePicker.swift */,
				7264C8962A12C23500FA90E0 /* Preview Content */,
			);
			path = FirebaseChat;
			sourceTree = "<group>";
		};
		7264C8962A12C23500FA90E0 /* Preview Content */ = {
			isa = PBXGroup;
			children = (
				7264C8972A12C23500FA90E0 /* Preview Assets.xcassets */,
			);
			path = "Preview Content";
			sourceTree = "<group>";
		};
		7264C8B72A143D7F00FA90E0 /* MainMessages */ = {
			isa = PBXGroup;
			children = (
				7264C8B82A143D9900FA90E0 /* MainMessageView.swift */,
				723884992A15601100C37F42 /* NewMessage */,
			);
			path = MainMessages;
			sourceTree = "<group>";
		};
		72FAF58E2A212C9100AB9715 /* Tabs */ = {
			isa = PBXGroup;
			children = (
				72FAF58F2A212CA600AB9715 /* TabViews.swift */,
			);
			path = Tabs;
			sourceTree = "<group>";
		};
/* End PBXGroup section */

/* Begin PBXNativeTarget section */
		7264C88C2A12C23400FA90E0 /* FirebaseChat */ = {
			isa = PBXNativeTarget;
			buildConfigurationList = 7264C89B2A12C23500FA90E0 /* Build configuration list for PBXNativeTarget "FirebaseChat" */;
			buildPhases = (
				7264C8892A12C23400FA90E0 /* Sources */,
				7264C88A2A12C23400FA90E0 /* Frameworks */,
				7264C88B2A12C23400FA90E0 /* Resources */,
			);
			buildRules = (
			);
			dependencies = (
			);
			name = FirebaseChat;
			packageProductDependencies = (
				723884912A152A9200C37F42 /* SDWebImageSwiftUI */,
				72FAF57E2A1FA59600AB9715 /* FirebaseAuth */,
				72FAF5802A1FA59600AB9715 /* FirebaseDatabase */,
				72FAF5822A1FA59600AB9715 /* FirebaseFirestore */,
				72FAF5842A1FA59600AB9715 /* FirebaseFirestoreSwift */,
				72FAF5862A1FA59600AB9715 /* FirebaseStorage */,
			);
			productName = FirebaseChat;
			productReference = 7264C88D2A12C23400FA90E0 /* FirebaseChat.app */;
			productType = "com.apple.product-type.application";
		};
/* End PBXNativeTarget section */

/* Begin PBXProject section */
		7264C8852A12C23400FA90E0 /* Project object */ = {
			isa = PBXProject;
			attributes = {
				BuildIndependentTargetsInParallel = 1;
				LastSwiftUpdateCheck = 1430;
				LastUpgradeCheck = 1430;
				TargetAttributes = {
					7264C88C2A12C23400FA90E0 = {
						CreatedOnToolsVersion = 14.3;
					};
				};
			};
			buildConfigurationList = 7264C8882A12C23400FA90E0 /* Build configuration list for PBXProject "FirebaseChat" */;
			compatibilityVersion = "Xcode 14.0";
			developmentRegion = en;
			hasScannedForEncodings = 0;
			knownRegions = (
				en,
				Base,
			);
			mainGroup = 7264C8842A12C23400FA90E0;
			packageReferences = (
				723884902A152A9200C37F42 /* XCRemoteSwiftPackageReference "SDWebImageSwiftUI" */,
				72FAF57D2A1FA59600AB9715 /* XCRemoteSwiftPackageReference "firebase-ios-sdk" */,
			);
			productRefGroup = 7264C88E2A12C23400FA90E0 /* Products */;
			projectDirPath = "";
			projectRoot = "";
			targets = (
				7264C88C2A12C23400FA90E0 /* FirebaseChat */,
			);
		};
/* End PBXProject section */

/* Begin PBXResourcesBuildPhase section */
		7264C88B2A12C23400FA90E0 /* Resources */ = {
			isa = PBXResourcesBuildPhase;
			buildActionMask = 2147483647;
			files = (
				7264C8982A12C23500FA90E0 /* Preview Assets.xcassets in Resources */,
				1E0738652A324FB600D6649B /* FirebaseChat in Resources */,
				7264C8952A12C23500FA90E0 /* Assets.xcassets in Resources */,
				7264C8A62A12CC2500FA90E0 /* GoogleService-Info.plist in Resources */,
			);
			runOnlyForDeploymentPostprocessing = 0;
		};
/* End PBXResourcesBuildPhase section */

/* Begin PBXSourcesBuildPhase section */
		7264C8892A12C23400FA90E0 /* Sources */ = {
			isa = PBXSourcesBuildPhase;
			buildActionMask = 2147483647;
			files = (
				723884982A155A2400C37F42 /* ChatUser.swift in Sources */,
				7238849E2A16C11200C37F42 /* ChatLogView.swift in Sources */,
				1E0738682A32502500D6649B /* ContentView.swift in Sources */,
				7264C8AF2A1432F000FA90E0 /* ImagePicker.swift in Sources */,
				72FAF5892A1FD19800AB9715 /* ChatMessage.swift in Sources */,
				7264C8B92A143D9900FA90E0 /* MainMessageView.swift in Sources */,
				723884962A154B5D00C37F42 /* FirebaseManager.swift in Sources */,
				7238849B2A15602600C37F42 /* CreateNewMessageView.swift in Sources */,
				72FAF5902A212CA600AB9715 /* TabViews.swift in Sources */,
				72FAF57C2A1E8E7100AB9715 /* OpenChatRoom.swift in Sources */,
				72FAF58D2A1FF5B100AB9715 /* FirebaseConstants.swift in Sources */,
				72FAF58B2A1FD1C800AB9715 /* RecentMessage.swift in Sources */,
				7264C8932A12C23400FA90E0 /* LoginView.swift in Sources */,
				7264C8912A12C23400FA90E0 /* FirebaseChatApp.swift in Sources */,
			);
			runOnlyForDeploymentPostprocessing = 0;
		};
/* End PBXSourcesBuildPhase section */

/* Begin XCBuildConfiguration section */
		7264C8992A12C23500FA90E0 /* Debug */ = {
			isa = XCBuildConfiguration;
			buildSettings = {
				ALWAYS_SEARCH_USER_PATHS = NO;
				CLANG_ANALYZER_NONNULL = YES;
				CLANG_ANALYZER_NUMBER_OBJECT_CONVERSION = YES_AGGRESSIVE;
				CLANG_CXX_LANGUAGE_STANDARD = "gnu++20";
				CLANG_ENABLE_MODULES = YES;
				CLANG_ENABLE_OBJC_ARC = YES;
				CLANG_ENABLE_OBJC_WEAK = YES;
				CLANG_WARN_BLOCK_CAPTURE_AUTORELEASING = YES;
				CLANG_WARN_BOOL_CONVERSION = YES;
				CLANG_WARN_COMMA = YES;
				CLANG_WARN_CONSTANT_CONVERSION = YES;
				CLANG_WARN_DEPRECATED_OBJC_IMPLEMENTATIONS = YES;
				CLANG_WARN_DIRECT_OBJC_ISA_USAGE = YES_ERROR;
				CLANG_WARN_DOCUMENTATION_COMMENTS = YES;
				CLANG_WARN_EMPTY_BODY = YES;
				CLANG_WARN_ENUM_CONVERSION = YES;
				CLANG_WARN_INFINITE_RECURSION = YES;
				CLANG_WARN_INT_CONVERSION = YES;
				CLANG_WARN_NON_LITERAL_NULL_CONVERSION = YES;
				CLANG_WARN_OBJC_IMPLICIT_RETAIN_SELF = YES;
				CLANG_WARN_OBJC_LITERAL_CONVERSION = YES;
				CLANG_WARN_OBJC_ROOT_CLASS = YES_ERROR;
				CLANG_WARN_QUOTED_INCLUDE_IN_FRAMEWORK_HEADER = YES;
				CLANG_WARN_RANGE_LOOP_ANALYSIS = YES;
				CLANG_WARN_STRICT_PROTOTYPES = YES;
				CLANG_WARN_SUSPICIOUS_MOVE = YES;
				CLANG_WARN_UNGUARDED_AVAILABILITY = YES_AGGRESSIVE;
				CLANG_WARN_UNREACHABLE_CODE = YES;
				CLANG_WARN__DUPLICATE_METHOD_MATCH = YES;
				COPY_PHASE_STRIP = NO;
				DEBUG_INFORMATION_FORMAT = dwarf;
				ENABLE_STRICT_OBJC_MSGSEND = YES;
				ENABLE_TESTABILITY = YES;
				GCC_C_LANGUAGE_STANDARD = gnu11;
				GCC_DYNAMIC_NO_PIC = NO;
				GCC_NO_COMMON_BLOCKS = YES;
				GCC_OPTIMIZATION_LEVEL = 0;
				GCC_PREPROCESSOR_DEFINITIONS = (
					"DEBUG=1",
					"$(inherited)",
				);
				GCC_WARN_64_TO_32_BIT_CONVERSION = YES;
				GCC_WARN_ABOUT_RETURN_TYPE = YES_ERROR;
				GCC_WARN_UNDECLARED_SELECTOR = YES;
				GCC_WARN_UNINITIALIZED_AUTOS = YES_AGGRESSIVE;
				GCC_WARN_UNUSED_FUNCTION = YES;
				GCC_WARN_UNUSED_VARIABLE = YES;
				IPHONEOS_DEPLOYMENT_TARGET = 16.4;
				MTL_ENABLE_DEBUG_INFO = INCLUDE_SOURCE;
				MTL_FAST_MATH = YES;
				ONLY_ACTIVE_ARCH = YES;
				SDKROOT = iphoneos;
				SWIFT_ACTIVE_COMPILATION_CONDITIONS = DEBUG;
				SWIFT_OPTIMIZATION_LEVEL = "-Onone";
			};
			name = Debug;
		};
		7264C89A2A12C23500FA90E0 /* Release */ = {
			isa = XCBuildConfiguration;
			buildSettings = {
				ALWAYS_SEARCH_USER_PATHS = NO;
				CLANG_ANALYZER_NONNULL = YES;
				CLANG_ANALYZER_NUMBER_OBJECT_CONVERSION = YES_AGGRESSIVE;
				CLANG_CXX_LANGUAGE_STANDARD = "gnu++20";
				CLANG_ENABLE_MODULES = YES;
				CLANG_ENABLE_OBJC_ARC = YES;
				CLANG_ENABLE_OBJC_WEAK = YES;
				CLANG_WARN_BLOCK_CAPTURE_AUTORELEASING = YES;
				CLANG_WARN_BOOL_CONVERSION = YES;
				CLANG_WARN_COMMA = YES;
				CLANG_WARN_CONSTANT_CONVERSION = YES;
				CLANG_WARN_DEPRECATED_OBJC_IMPLEMENTATIONS = YES;
				CLANG_WARN_DIRECT_OBJC_ISA_USAGE = YES_ERROR;
				CLANG_WARN_DOCUMENTATION_COMMENTS = YES;
				CLANG_WARN_EMPTY_BODY = YES;
				CLANG_WARN_ENUM_CONVERSION = YES;
				CLANG_WARN_INFINITE_RECURSION = YES;
				CLANG_WARN_INT_CONVERSION = YES;
				CLANG_WARN_NON_LITERAL_NULL_CONVERSION = YES;
				CLANG_WARN_OBJC_IMPLICIT_RETAIN_SELF = YES;
				CLANG_WARN_OBJC_LITERAL_CONVERSION = YES;
				CLANG_WARN_OBJC_ROOT_CLASS = YES_ERROR;
				CLANG_WARN_QUOTED_INCLUDE_IN_FRAMEWORK_HEADER = YES;
				CLANG_WARN_RANGE_LOOP_ANALYSIS = YES;
				CLANG_WARN_STRICT_PROTOTYPES = YES;
				CLANG_WARN_SUSPICIOUS_MOVE = YES;
				CLANG_WARN_UNGUARDED_AVAILABILITY = YES_AGGRESSIVE;
				CLANG_WARN_UNREACHABLE_CODE = YES;
				CLANG_WARN__DUPLICATE_METHOD_MATCH = YES;
				COPY_PHASE_STRIP = NO;
				DEBUG_INFORMATION_FORMAT = "dwarf-with-dsym";
				ENABLE_NS_ASSERTIONS = NO;
				ENABLE_STRICT_OBJC_MSGSEND = YES;
				GCC_C_LANGUAGE_STANDARD = gnu11;
				GCC_NO_COMMON_BLOCKS = YES;
				GCC_WARN_64_TO_32_BIT_CONVERSION = YES;
				GCC_WARN_ABOUT_RETURN_TYPE = YES_ERROR;
				GCC_WARN_UNDECLARED_SELECTOR = YES;
				GCC_WARN_UNINITIALIZED_AUTOS = YES_AGGRESSIVE;
				GCC_WARN_UNUSED_FUNCTION = YES;
				GCC_WARN_UNUSED_VARIABLE = YES;
				IPHONEOS_DEPLOYMENT_TARGET = 16.4;
				MTL_ENABLE_DEBUG_INFO = NO;
				MTL_FAST_MATH = YES;
				SDKROOT = iphoneos;
				SWIFT_COMPILATION_MODE = wholemodule;
				SWIFT_OPTIMIZATION_LEVEL = "-O";
				VALIDATE_PRODUCT = YES;
			};
			name = Release;
		};
		7264C89C2A12C23500FA90E0 /* Debug */ = {
			isa = XCBuildConfiguration;
			buildSettings = {
				ASSETCATALOG_COMPILER_APPICON_NAME = AppIcon;
				ASSETCATALOG_COMPILER_GLOBAL_ACCENT_COLOR_NAME = AccentColor;
				ASSETCATALOG_COMPILER_INCLUDE_ALL_APPICON_ASSETS = NO;
				CODE_SIGN_ENTITLEMENTS = FirebaseChat/FirebaseChat.entitlements;
				CODE_SIGN_STYLE = Automatic;
				CURRENT_PROJECT_VERSION = 6;
				DEVELOPMENT_ASSET_PATHS = "\"FirebaseChat/Preview Content\"";
				DEVELOPMENT_TEAM = TD5M7MVFQT;
				ENABLE_PREVIEWS = YES;
				GENERATE_INFOPLIST_FILE = YES;
				INFOPLIST_KEY_UIApplicationSceneManifest_Generation = YES;
				INFOPLIST_KEY_UIApplicationSupportsIndirectInputEvents = YES;
				INFOPLIST_KEY_UILaunchScreen_Generation = YES;
				INFOPLIST_KEY_UISupportedInterfaceOrientations_iPad = "UIInterfaceOrientationPortrait UIInterfaceOrientationPortraitUpsideDown UIInterfaceOrientationLandscapeLeft UIInterfaceOrientationLandscapeRight";
				INFOPLIST_KEY_UISupportedInterfaceOrientations_iPhone = "UIInterfaceOrientationPortrait UIInterfaceOrientationLandscapeLeft UIInterfaceOrientationLandscapeRight";
				LD_RUNPATH_SEARCH_PATHS = (
					"$(inherited)",
					"@executable_path/Frameworks",
				);
				MARKETING_VERSION = 0.1.0;
				PRODUCT_BUNDLE_IDENTIFIER = rene.FirebaseChat;
				PRODUCT_NAME = "$(TARGET_NAME)";
				SWIFT_EMIT_LOC_STRINGS = YES;
				SWIFT_VERSION = 5.0;
				TARGETED_DEVICE_FAMILY = "1,2";
			};
			name = Debug;
		};
		7264C89D2A12C23500FA90E0 /* Release */ = {
			isa = XCBuildConfiguration;
			buildSettings = {
				ASSETCATALOG_COMPILER_APPICON_NAME = AppIcon;
				ASSETCATALOG_COMPILER_GLOBAL_ACCENT_COLOR_NAME = AccentColor;
				ASSETCATALOG_COMPILER_INCLUDE_ALL_APPICON_ASSETS = NO;
				CODE_SIGN_ENTITLEMENTS = FirebaseChat/FirebaseChat.entitlements;
				CODE_SIGN_STYLE = Automatic;
				CURRENT_PROJECT_VERSION = 6;
				DEVELOPMENT_ASSET_PATHS = "\"FirebaseChat/Preview Content\"";
				DEVELOPMENT_TEAM = TD5M7MVFQT;
				ENABLE_PREVIEWS = YES;
				GENERATE_INFOPLIST_FILE = YES;
				INFOPLIST_KEY_UIApplicationSceneManifest_Generation = YES;
				INFOPLIST_KEY_UIApplicationSupportsIndirectInputEvents = YES;
				INFOPLIST_KEY_UILaunchScreen_Generation = YES;
				INFOPLIST_KEY_UISupportedInterfaceOrientations_iPad = "UIInterfaceOrientationPortrait UIInterfaceOrientationPortraitUpsideDown UIInterfaceOrientationLandscapeLeft UIInterfaceOrientationLandscapeRight";
				INFOPLIST_KEY_UISupportedInterfaceOrientations_iPhone = "UIInterfaceOrientationPortrait UIInterfaceOrientationLandscapeLeft UIInterfaceOrientationLandscapeRight";
				LD_RUNPATH_SEARCH_PATHS = (
					"$(inherited)",
					"@executable_path/Frameworks",
				);
				MARKETING_VERSION = 0.1.0;
				PRODUCT_BUNDLE_IDENTIFIER = rene.FirebaseChat;
				PRODUCT_NAME = "$(TARGET_NAME)";
				SWIFT_EMIT_LOC_STRINGS = YES;
				SWIFT_VERSION = 5.0;
				TARGETED_DEVICE_FAMILY = "1,2";
			};
			name = Release;
		};
/* End XCBuildConfiguration section */

/* Begin XCConfigurationList section */
		7264C8882A12C23400FA90E0 /* Build configuration list for PBXProject "FirebaseChat" */ = {
			isa = XCConfigurationList;
			buildConfigurations = (
				7264C8992A12C23500FA90E0 /* Debug */,
				7264C89A2A12C23500FA90E0 /* Release */,
			);
			defaultConfigurationIsVisible = 0;
			defaultConfigurationName = Release;
		};
		7264C89B2A12C23500FA90E0 /* Build configuration list for PBXNativeTarget "FirebaseChat" */ = {
			isa = XCConfigurationList;
			buildConfigurations = (
				7264C89C2A12C23500FA90E0 /* Debug */,
				7264C89D2A12C23500FA90E0 /* Release */,
			);
			defaultConfigurationIsVisible = 0;
			defaultConfigurationName = Release;
		};
/* End XCConfigurationList section */

/* Begin XCRemoteSwiftPackageReference section */
		723884902A152A9200C37F42 /* XCRemoteSwiftPackageReference "SDWebImageSwiftUI" */ = {
			isa = XCRemoteSwiftPackageReference;
			repositoryURL = "https://github.com/SDWebImage/SDWebImageSwiftUI";
			requirement = {
				branch = master;
				kind = branch;
			};
		};
		72FAF57D2A1FA59600AB9715 /* XCRemoteSwiftPackageReference "firebase-ios-sdk" */ = {
			isa = XCRemoteSwiftPackageReference;
			repositoryURL = "https://github.com/firebase/firebase-ios-sdk";
			requirement = {
				kind = upToNextMajorVersion;
				minimumVersion = 10.0.0;
			};
		};
/* End XCRemoteSwiftPackageReference section */

/* Begin XCSwiftPackageProductDependency section */
		723884912A152A9200C37F42 /* SDWebImageSwiftUI */ = {
			isa = XCSwiftPackageProductDependency;
			package = 723884902A152A9200C37F42 /* XCRemoteSwiftPackageReference "SDWebImageSwiftUI" */;
			productName = SDWebImageSwiftUI;
		};
		72FAF57E2A1FA59600AB9715 /* FirebaseAuth */ = {
			isa = XCSwiftPackageProductDependency;
			package = 72FAF57D2A1FA59600AB9715 /* XCRemoteSwiftPackageReference "firebase-ios-sdk" */;
			productName = FirebaseAuth;
		};
		72FAF5802A1FA59600AB9715 /* FirebaseDatabase */ = {
			isa = XCSwiftPackageProductDependency;
			package = 72FAF57D2A1FA59600AB9715 /* XCRemoteSwiftPackageReference "firebase-ios-sdk" */;
			productName = FirebaseDatabase;
		};
		72FAF5822A1FA59600AB9715 /* FirebaseFirestore */ = {
			isa = XCSwiftPackageProductDependency;
			package = 72FAF57D2A1FA59600AB9715 /* XCRemoteSwiftPackageReference "firebase-ios-sdk" */;
			productName = FirebaseFirestore;
		};
		72FAF5842A1FA59600AB9715 /* FirebaseFirestoreSwift */ = {
			isa = XCSwiftPackageProductDependency;
			package = 72FAF57D2A1FA59600AB9715 /* XCRemoteSwiftPackageReference "firebase-ios-sdk" */;
			productName = FirebaseFirestoreSwift;
		};
		72FAF5862A1FA59600AB9715 /* FirebaseStorage */ = {
			isa = XCSwiftPackageProductDependency;
			package = 72FAF57D2A1FA59600AB9715 /* XCRemoteSwiftPackageReference "firebase-ios-sdk" */;
			productName = FirebaseStorage;
		};
/* End XCSwiftPackageProductDependency section */
	};
	rootObject = 7264C8852A12C23400FA90E0 /* Project object */;
}
